Microsoft Visual Studio Solution File, Format Version 12.00
# Visual Studio Version 17
VisualStudioVersion = 17.10.34928.147
MinimumVisualStudioVersion = 10.0.40219.1
Project("{FAE04EC0-301F-11D3-BF4B-00C04F79EFBC}") = "AspireApp1.AppHost", "AspireApp1.AppHost\AspireApp1.AppHost.csproj", "{F4FD89D9-9B37-4DF4-A515-F267B55CA899}"
EndProject
Project("{9A19103F-16F7-4668-BE54-9A1E7A4F7556}") = "AspireApp1.ServiceDefaults", "AspireApp1.ServiceDefaults\AspireApp1.ServiceDefaults.csproj", "{7D35E630-AAC5-42A8-B5A4-D2BD5F0AFB19}"
EndProject
Project("{9A19103F-16F7-4668-BE54-9A1E7A4F7556}") = "AspireApp1.ApiService", "AspireApp1.ApiService\AspireApp1.ApiService.csproj", "{8F79E985-B865-4AD4-BD84-B22ABA48FF4F}"
EndProject
Project("{9A19103F-16F7-4668-BE54-9A1E7A4F7556}") = "AspireApp1.Web", "AspireApp1.Web\AspireApp1.Web.csproj", "{06BAC019-F790-48CE-9C71-39318BB121B9}"
EndProject
Project("{9A19103F-16F7-4668-BE54-9A1E7A4F7556}") = "AspireApp1.Tests", "AspireApp1.Tests\AspireApp1.Tests.csproj", "{1B445D15-B154-4F98-9BE1-A02F097D7D50}"
EndProject
Global
	GlobalSection(SolutionConfigurationPlatforms) = preSolution
		Debug|Any CPU = Debug|Any CPU
		Release|Any CPU = Release|Any CPU
	EndGlobalSection
	GlobalSection(ProjectConfigurationPlatforms) = postSolution
		{F4FD89D9-9B37-4DF4-A515-F267B55CA899}.Debug|Any CPU.ActiveCfg = Debug|Any CPU
		{F4FD89D9-9B37-4DF4-A515-F267B55CA899}.Debug|Any CPU.Build.0 = Debug|Any CPU
		{F4FD89D9-9B37-4DF4-A515-F267B55CA899}.Release|Any CPU.ActiveCfg = Release|Any CPU
		{F4FD89D9-9B37-4DF4-A515-F267B55CA899}.Release|Any CPU.Build.0 = Release|Any CPU
		{7D35E630-AAC5-42A8-B5A4-D2BD5F0AFB19}.Debug|Any CPU.ActiveCfg = Debug|Any CPU
		{7D35E630-AAC5-42A8-B5A4-D2BD5F0AFB19}.Debug|Any CPU.Build.0 = Debug|Any CPU
		{7D35E630-AAC5-42A8-B5A4-D2BD5F0AFB19}.Release|Any CPU.ActiveCfg = Release|Any CPU
		{7D35E630-AAC5-42A8-B5A4-D2BD5F0AFB19}.Release|Any CPU.Build.0 = Release|Any CPU
		{8F79E985-B865-4AD4-BD84-B22ABA48FF4F}.Debug|Any CPU.ActiveCfg = Debug|Any CPU
		{8F79E985-B865-4AD4-BD84-B22ABA48FF4F}.Debug|Any CPU.Build.0 = Debug|Any CPU
		{8F79E985-B865-4AD4-BD84-B22ABA48FF4F}.Release|Any CPU.ActiveCfg = Release|Any CPU
		{8F79E985-B865-4AD4-BD84-B22ABA48FF4F}.Release|Any CPU.Build.0 = Release|Any CPU
		{06BAC019-F790-48CE-9C71-39318BB121B9}.Debug|Any CPU.ActiveCfg = Debug|Any CPU
		{06BAC019-F790-48CE-9C71-39318BB121B9}.Debug|Any CPU.Build.0 = Debug|Any CPU
		{06BAC019-F790-48CE-9C71-39318BB121B9}.Release|Any CPU.ActiveCfg = Release|Any CPU
		{06BAC019-F790-48CE-9C71-39318BB121B9}.Release|Any CPU.Build.0 = Release|Any CPU
		{1B445D15-B154-4F98-9BE1-A02F097D7D50}.Debug|Any CPU.ActiveCfg = Debug|Any CPU
		{1B445D15-B154-4F98-9BE1-A02F097D7D50}.Debug|Any CPU.Build.0 = Debug|Any CPU
		{1B445D15-B154-4F98-9BE1-A02F097D7D50}.Release|Any CPU.ActiveCfg = Release|Any CPU
		{1B445D15-B154-4F98-9BE1-A02F097D7D50}.Release|Any CPU.Build.0 = Release|Any CPU
	EndGlobalSection
	GlobalSection(SolutionProperties) = preSolution
		HideSolutionNode = FALSE
	EndGlobalSection
	GlobalSection(ExtensibilityGlobals) = postSolution
		SolutionGuid = {0AC2966F-D50A-4C72-B3AE-07ECB7E52C42}
	EndGlobalSection
EndGlobal
